
Microsoft Visual Studio Solution File, Format Version 12.00
# Visual Studio 15
VisualStudioVersion = 15.0.27130.2010
MinimumVisualStudioVersion = 10.0.40219.1
Project("{9A19103F-16F7-4668-BE54-9A1E7A4F7556}") = "Aika", "Aika\Aika.csproj", "{05BCDA09-9602-4ECB-A455-2E82D930955A}"
EndProject
Project("{9A19103F-16F7-4668-BE54-9A1E7A4F7556}") = "Aika.InMemoryHistorian", "Aika.InMemoryHistorian\Aika.InMemoryHistorian.csproj", "{A9E1BCC5-D51E-41C7-B1F9-BA1BEB0C3F83}"
EndProject
Project("{9A19103F-16F7-4668-BE54-9A1E7A4F7556}") = "Aika.SampleApp", "Aika.SampleApp\Aika.SampleApp.csproj", "{E4486316-6517-4E2C-8039-DDDE4434CB6B}"
EndProject
Project("{9A19103F-16F7-4668-BE54-9A1E7A4F7556}") = "Aika.AspNetCore", "Aika.AspNetCore\Aika.AspNetCore.csproj", "{BEC0FBBA-4516-48F0-BB39-CE645F6B2217}"
EndProject
Project("{9A19103F-16F7-4668-BE54-9A1E7A4F7556}") = "Aika.Client", "Aika.Client\Aika.Client.csproj", "{3326AF72-1E4F-4E24-A971-31C097E86CA6}"
EndProject
Project("{2150E333-8FDC-42A3-9474-1A3956D46DE8}") = "Solution Items", "Solution Items", "{17FA93D8-CAFC-49C1-AEEA-510621BE0830}"
	ProjectSection(SolutionItems) = preProject
		..\.editorconfig = ..\.editorconfig
		..\.gitignore = ..\.gitignore
		..\readme.md = ..\readme.md
	EndProjectSection
EndProject
Global
	GlobalSection(SolutionConfigurationPlatforms) = preSolution
		Debug|Any CPU = Debug|Any CPU
		Release|Any CPU = Release|Any CPU
	EndGlobalSection
	GlobalSection(ProjectConfigurationPlatforms) = postSolution
		{05BCDA09-9602-4ECB-A455-2E82D930955A}.Debug|Any CPU.ActiveCfg = Debug|Any CPU
		{05BCDA09-9602-4ECB-A455-2E82D930955A}.Debug|Any CPU.Build.0 = Debug|Any CPU
		{05BCDA09-9602-4ECB-A455-2E82D930955A}.Release|Any CPU.ActiveCfg = Release|Any CPU
		{05BCDA09-9602-4ECB-A455-2E82D930955A}.Release|Any CPU.Build.0 = Release|Any CPU
		{A9E1BCC5-D51E-41C7-B1F9-BA1BEB0C3F83}.Debug|Any CPU.ActiveCfg = Debug|Any CPU
		{A9E1BCC5-D51E-41C7-B1F9-BA1BEB0C3F83}.Debug|Any CPU.Build.0 = Debug|Any CPU
		{A9E1BCC5-D51E-41C7-B1F9-BA1BEB0C3F83}.Release|Any CPU.ActiveCfg = Release|Any CPU
		{A9E1BCC5-D51E-41C7-B1F9-BA1BEB0C3F83}.Release|Any CPU.Build.0 = Release|Any CPU
		{E4486316-6517-4E2C-8039-DDDE4434CB6B}.Debug|Any CPU.ActiveCfg = Debug|Any CPU
		{E4486316-6517-4E2C-8039-DDDE4434CB6B}.Debug|Any CPU.Build.0 = Debug|Any CPU
		{E4486316-6517-4E2C-8039-DDDE4434CB6B}.Release|Any CPU.ActiveCfg = Release|Any CPU
		{E4486316-6517-4E2C-8039-DDDE4434CB6B}.Release|Any CPU.Build.0 = Release|Any CPU
		{BEC0FBBA-4516-48F0-BB39-CE645F6B2217}.Debug|Any CPU.ActiveCfg = Debug|Any CPU
		{BEC0FBBA-4516-48F0-BB39-CE645F6B2217}.Debug|Any CPU.Build.0 = Debug|Any CPU
		{BEC0FBBA-4516-48F0-BB39-CE645F6B2217}.Release|Any CPU.ActiveCfg = Release|Any CPU
		{BEC0FBBA-4516-48F0-BB39-CE645F6B2217}.Release|Any CPU.Build.0 = Release|Any CPU
		{3326AF72-1E4F-4E24-A971-31C097E86CA6}.Debug|Any CPU.ActiveCfg = Debug|Any CPU
		{3326AF72-1E4F-4E24-A971-31C097E86CA6}.Debug|Any CPU.Build.0 = Debug|Any CPU
		{3326AF72-1E4F-4E24-A971-31C097E86CA6}.Release|Any CPU.ActiveCfg = Release|Any CPU
		{3326AF72-1E4F-4E24-A971-31C097E86CA6}.Release|Any CPU.Build.0 = Release|Any CPU
	EndGlobalSection
	GlobalSection(SolutionProperties) = preSolution
		HideSolutionNode = FALSE
	EndGlobalSection
	GlobalSection(ExtensibilityGlobals) = postSolution
		SolutionGuid = {A0391908-7746-4AF8-B71D-2561902532FA}
	EndGlobalSection
EndGlobal
